
Microsoft Visual Studio Solution File, Format Version 12.00
Project("{FAE04EC0-301F-11D3-BF4B-00C04F79EFBC}") = "InputMethodDemo2", "InputMethodDemo2\InputMethodDemo2.csproj", "{7FCE06EB-6CE4-4392-A636-E1AC8F5FDFC6}"
EndProject
Global
	GlobalSection(SolutionConfigurationPlatforms) = preSolution
		Debug|Any CPU = Debug|Any CPU
		Release|Any CPU = Release|Any CPU
	EndGlobalSection
	GlobalSection(ProjectConfigurationPlatforms) = postSolution
		{7FCE06EB-6CE4-4392-A636-E1AC8F5FDFC6}.Debug|Any CPU.ActiveCfg = Debug|Any CPU
		{7FCE06EB-6CE4-4392-A636-E1AC8F5FDFC6}.Debug|Any CPU.Build.0 = Debug|Any CPU
		{7FCE06EB-6CE4-4392-A636-E1AC8F5FDFC6}.Release|Any CPU.ActiveCfg = Release|Any CPU
		{7FCE06EB-6CE4-4392-A636-E1AC8F5FDFC6}.Release|Any CPU.Build.0 = Release|Any CPU
	EndGlobalSection
EndGlobal
