
Microsoft Visual Studio Solution File, Format Version 12.00
Project("{FAE04EC0-301F-11D3-BF4B-00C04F79EFBC}") = "TestScoreList", "TestScoreList\TestScoreList.csproj", "{D723DE0A-C327-472B-BA9E-FC5348A0D870}"
EndProject
Global
	GlobalSection(SolutionConfigurationPlatforms) = preSolution
		Debug|Any CPU = Debug|Any CPU
		Release|Any CPU = Release|Any CPU
	EndGlobalSection
	GlobalSection(ProjectConfigurationPlatforms) = postSolution
		{D723DE0A-C327-472B-BA9E-FC5348A0D870}.Debug|Any CPU.ActiveCfg = Debug|Any CPU
		{D723DE0A-C327-472B-BA9E-FC5348A0D870}.Debug|Any CPU.Build.0 = Debug|Any CPU
		{D723DE0A-C327-472B-BA9E-FC5348A0D870}.Release|Any CPU.ActiveCfg = Release|Any CPU
		{D723DE0A-C327-472B-BA9E-FC5348A0D870}.Release|Any CPU.Build.0 = Release|Any CPU
	EndGlobalSection
EndGlobal
